// !$*UTF8*$!
{
	archiveVersion = 1;
	classes = {
	};
	objectVersion = 46;
	objects = {

/* Begin PBXBuildFile section */
		F23FE2D11D9EE9F200951CF2 /* AppDelegate.swift in Sources */ = {isa = PBXBuildFile; fileRef = F23FE2D01D9EE9F200951CF2 /* AppDelegate.swift */; };
		F23FE2D31D9EE9F200951CF2 /* ViewController.swift in Sources */ = {isa = PBXBuildFile; fileRef = F23FE2D21D9EE9F200951CF2 /* ViewController.swift */; };
		F23FE2D61D9EE9F200951CF2 /* Main.storyboard in Resources */ = {isa = PBXBuildFile; fileRef = F23FE2D41D9EE9F200951CF2 /* Main.storyboard */; };
		F23FE2D81D9EE9F200951CF2 /* Assets.xcassets in Resources */ = {isa = PBXBuildFile; fileRef = F23FE2D71D9EE9F200951CF2 /* Assets.xcassets */; };
		F23FE2DB1D9EE9F300951CF2 /* LaunchScreen.storyboard in Resources */ = {isa = PBXBuildFile; fileRef = F23FE2D91D9EE9F300951CF2 /* LaunchScreen.storyboard */; };
		F23FE2E61D9EE9F300951CF2 /* tippyTests.swift in Sources */ = {isa = PBXBuildFile; fileRef = F23FE2E51D9EE9F300951CF2 /* tippyTests.swift */; };
		F23FE2F11D9EE9F300951CF2 /* tippyUITests.swift in Sources */ = {isa = PBXBuildFile; fileRef = F23FE2F01D9EE9F300951CF2 /* tippyUITests.swift */; };
		F23FE3011D9F1D7600951CF2 /* SettingsViewController.swift in Sources */ = {isa = PBXBuildFile; fileRef = F23FE3001D9F1D7600951CF2 /* SettingsViewController.swift */; };
		F23FE3031D9F593800951CF2 /* FortuneViewController.swift in Sources */ = {isa = PBXBuildFile; fileRef = F23FE3021D9F593800951CF2 /* FortuneViewController.swift */; };
/* End PBXBuildFile section */

/* Begin PBXContainerItemProxy section */
		F23FE2E21D9EE9F300951CF2 /* PBXContainerItemProxy */ = {
			isa = PBXContainerItemProxy;
			containerPortal = F23FE2C51D9EE9F200951CF2 /* Project object */;
			proxyType = 1;
			remoteGlobalIDString = F23FE2CC1D9EE9F200951CF2;
			remoteInfo = tippy;
		};
		F23FE2ED1D9EE9F300951CF2 /* PBXContainerItemProxy */ = {
			isa = PBXContainerItemProxy;
			containerPortal = F23FE2C51D9EE9F200951CF2 /* Project object */;
			proxyType = 1;
			remoteGlobalIDString = F23FE2CC1D9EE9F200951CF2;
			remoteInfo = tippy;
		};
/* End PBXContainerItemProxy section */

/* Begin PBXFileReference section */
		F23FE2CD1D9EE9F200951CF2 /* tippy.app */ = {isa = PBXFileReference; explicitFileType = wrapper.application; includeInIndex = 0; path = tippy.app; sourceTree = BUILT_PRODUCTS_DIR; };
		F23FE2D01D9EE9F200951CF2 /* AppDelegate.swift */ = {isa = PBXFileReference; lastKnownFileType = sourcecode.swift; path = AppDelegate.swift; sourceTree = "<group>"; };
		F23FE2D21D9EE9F200951CF2 /* ViewController.swift */ = {isa = PBXFileReference; lastKnownFileType = sourcecode.swift; path = ViewController.swift; sourceTree = "<group>"; };
		F23FE2D51D9EE9F200951CF2 /* Base */ = {isa = PBXFileReference; lastKnownFileType = file.storyboard; name = Base; path = Base.lproj/Main.storyboard; sourceTree = "<group>"; };
		F23FE2D71D9EE9F200951CF2 /* Assets.xcassets */ = {isa = PBXFileReference; lastKnownFileType = folder.assetcatalog; path = Assets.xcassets; sourceTree = "<group>"; };
		F23FE2DA1D9EE9F300951CF2 /* Base */ = {isa = PBXFileReference; lastKnownFileType = file.storyboard; name = Base; path = Base.lproj/LaunchScreen.storyboard; sourceTree = "<group>"; };
		F23FE2DC1D9EE9F300951CF2 /* Info.plist */ = {isa = PBXFileReference; lastKnownFileType = text.plist.xml; path = Info.plist; sourceTree = "<group>"; };
		F23FE2E11D9EE9F300951CF2 /* tippyTests.xctest */ = {isa = PBXFileReference; explicitFileType = wrapper.cfbundle; includeInIndex = 0; path = tippyTests.xctest; sourceTree = BUILT_PRODUCTS_DIR; };
		F23FE2E51D9EE9F300951CF2 /* tippyTests.swift */ = {isa = PBXFileReference; lastKnownFileType = sourcecode.swift; path = tippyTests.swift; sourceTree = "<group>"; };
		F23FE2E71D9EE9F300951CF2 /* Info.plist */ = {isa = PBXFileReference; lastKnownFileType = text.plist.xml; path = Info.plist; sourceTree = "<group>"; };
		F23FE2EC1D9EE9F300951CF2 /* tippyUITests.xctest */ = {isa = PBXFileReference; explicitFileType = wrapper.cfbundle; includeInIndex = 0; path = tippyUITests.xctest; sourceTree = BUILT_PRODUCTS_DIR; };
		F23FE2F01D9EE9F300951CF2 /* tippyUITests.swift */ = {isa = PBXFileReference; lastKnownFileType = sourcecode.swift; path = tippyUITests.swift; sourceTree = "<group>"; };
		F23FE2F21D9EE9F300951CF2 /* Info.plist */ = {isa = PBXFileReference; lastKnownFileType = text.plist.xml; path = Info.plist; sourceTree = "<group>"; };
		F23FE3001D9F1D7600951CF2 /* SettingsViewController.swift */ = {isa = PBXFileReference; fileEncoding = 4; lastKnownFileType = sourcecode.swift; path = SettingsViewController.swift; sourceTree = "<group>"; };
		F23FE3021D9F593800951CF2 /* FortuneViewController.swift */ = {isa = PBXFileReference; fileEncoding = 4; lastKnownFileType = sourcecode.swift; path = FortuneViewController.swift; sourceTree = "<group>"; };
/* End PBXFileReference section */

/* Begin PBXFrameworksBuildPhase section */
		F23FE2CA1D9EE9F200951CF2 /* Frameworks */ = {
			isa = PBXFrameworksBuildPhase;
			buildActionMask = 2147483647;
			files = (
			);
			runOnlyForDeploymentPostprocessing = 0;
		};
		F23FE2DE1D9EE9F300951CF2 /* Frameworks */ = {
			isa = PBXFrameworksBuildPhase;
			buildActionMask = 2147483647;
			files = (
			);
			runOnlyForDeploymentPostprocessing = 0;
		};
		F23FE2E91D9EE9F300951CF2 /* Frameworks */ = {
			isa = PBXFrameworksBuildPhase;
			buildActionMask = 2147483647;
			files = (
			);
			runOnlyForDeploymentPostprocessing = 0;
		};
/* End PBXFrameworksBuildPhase section */

/* Begin PBXGroup section */
		F23FE2C41D9EE9F200951CF2 = {
			isa = PBXGroup;
			children = (
				F23FE2CF1D9EE9F200951CF2 /* tippy */,
				F23FE2E41D9EE9F300951CF2 /* tippyTests */,
				F23FE2EF1D9EE9F300951CF2 /* tippyUITests */,
				F23FE2CE1D9EE9F200951CF2 /* Products */,
			);
			sourceTree = "<group>";
		};
		F23FE2CE1D9EE9F200951CF2 /* Products */ = {
			isa = PBXGroup;
			children = (
				F23FE2CD1D9EE9F200951CF2 /* tippy.app */,
				F23FE2E11D9EE9F300951CF2 /* tippyTests.xctest */,
				F23FE2EC1D9EE9F300951CF2 /* tippyUITests.xctest */,
			);
			name = Products;
			sourceTree = "<group>";
		};
		F23FE2CF1D9EE9F200951CF2 /* tippy */ = {
			isa = PBXGroup;
			children = (
				F23FE2D01D9EE9F200951CF2 /* AppDelegate.swift */,
				F23FE2D21D9EE9F200951CF2 /* ViewController.swift */,
				F23FE2D41D9EE9F200951CF2 /* Main.storyboard */,
				F23FE2D71D9EE9F200951CF2 /* Assets.xcassets */,
				F23FE2D91D9EE9F300951CF2 /* LaunchScreen.storyboard */,
				F23FE2DC1D9EE9F300951CF2 /* Info.plist */,
				F23FE3001D9F1D7600951CF2 /* SettingsViewController.swift */,
				F23FE3021D9F593800951CF2 /* FortuneViewController.swift */,
			);
			path = tippy;
			sourceTree = "<group>";
		};
		F23FE2E41D9EE9F300951CF2 /* tippyTests */ = {
			isa = PBXGroup;
			children = (
				F23FE2E51D9EE9F300951CF2 /* tippyTests.swift */,
				F23FE2E71D9EE9F300951CF2 /* Info.plist */,
			);
			path = tippyTests;
			sourceTree = "<group>";
		};
		F23FE2EF1D9EE9F300951CF2 /* tippyUITests */ = {
			isa = PBXGroup;
			children = (
				F23FE2F01D9EE9F300951CF2 /* tippyUITests.swift */,
				F23FE2F21D9EE9F300951CF2 /* Info.plist */,
			);
			path = tippyUITests;
			sourceTree = "<group>";
		};
/* End PBXGroup section */

/* Begin PBXNativeTarget section */
		F23FE2CC1D9EE9F200951CF2 /* tippy */ = {
			isa = PBXNativeTarget;
			buildConfigurationList = F23FE2F51D9EE9F300951CF2 /* Build configuration list for PBXNativeTarget "tippy" */;
			buildPhases = (
				F23FE2C91D9EE9F200951CF2 /* Sources */,
				F23FE2CA1D9EE9F200951CF2 /* Frameworks */,
				F23FE2CB1D9EE9F200951CF2 /* Resources */,
			);
			buildRules = (
			);
			dependencies = (
			);
			name = tippy;
			productName = tippy;
			productReference = F23FE2CD1D9EE9F200951CF2 /* tippy.app */;
			productType = "com.apple.product-type.application";
		};
		F23FE2E01D9EE9F300951CF2 /* tippyTests */ = {
			isa = PBXNativeTarget;
			buildConfigurationList = F23FE2F81D9EE9F300951CF2 /* Build configuration list for PBXNativeTarget "tippyTests" */;
			buildPhases = (
				F23FE2DD1D9EE9F300951CF2 /* Sources */,
				F23FE2DE1D9EE9F300951CF2 /* Frameworks */,
				F23FE2DF1D9EE9F300951CF2 /* Resources */,
			);
			buildRules = (
			);
			dependencies = (
				F23FE2E31D9EE9F300951CF2 /* PBXTargetDependency */,
			);
			name = tippyTests;
			productName = tippyTests;
			productReference = F23FE2E11D9EE9F300951CF2 /* tippyTests.xctest */;
			productType = "com.apple.product-type.bundle.unit-test";
		};
		F23FE2EB1D9EE9F300951CF2 /* tippyUITests */ = {
			isa = PBXNativeTarget;
			buildConfigurationList = F23FE2FB1D9EE9F300951CF2 /* Build configuration list for PBXNativeTarget "tippyUITests" */;
			buildPhases = (
				F23FE2E81D9EE9F300951CF2 /* Sources */,
				F23FE2E91D9EE9F300951CF2 /* Frameworks */,
				F23FE2EA1D9EE9F300951CF2 /* Resources */,
			);
			buildRules = (
			);
			dependencies = (
				F23FE2EE1D9EE9F300951CF2 /* PBXTargetDependency */,
			);
			name = tippyUITests;
			productName = tippyUITests;
			productReference = F23FE2EC1D9EE9F300951CF2 /* tippyUITests.xctest */;
			productType = "com.apple.product-type.bundle.ui-testing";
		};
/* End PBXNativeTarget section */

/* Begin PBXProject section */
		F23FE2C51D9EE9F200951CF2 /* Project object */ = {
			isa = PBXProject;
			attributes = {
				LastSwiftUpdateCheck = 0730;
				LastUpgradeCheck = 0730;
				ORGANIZATIONNAME = Eden;
				TargetAttributes = {
					F23FE2CC1D9EE9F200951CF2 = {
						CreatedOnToolsVersion = 7.3.1;
					};
					F23FE2E01D9EE9F300951CF2 = {
						CreatedOnToolsVersion = 7.3.1;
						TestTargetID = F23FE2CC1D9EE9F200951CF2;
					};
					F23FE2EB1D9EE9F300951CF2 = {
						CreatedOnToolsVersion = 7.3.1;
						TestTargetID = F23FE2CC1D9EE9F200951CF2;
					};
				};
			};
			buildConfigurationList = F23FE2C81D9EE9F200951CF2 /* Build configuration list for PBXProject "tippy" */;
			compatibilityVersion = "Xcode 3.2";
			developmentRegion = English;
			hasScannedForEncodings = 0;
			knownRegions = (
				en,
				Base,
			);
			mainGroup = F23FE2C41D9EE9F200951CF2;
			productRefGroup = F23FE2CE1D9EE9F200951CF2 /* Products */;
			projectDirPath = "";
			projectRoot = "";
			targets = (
				F23FE2CC1D9EE9F200951CF2 /* tippy */,
				F23FE2E01D9EE9F300951CF2 /* tippyTests */,
				F23FE2EB1D9EE9F300951CF2 /* tippyUITests */,
			);
		};
/* End PBXProject section */

/* Begin PBXResourcesBuildPhase section */
		F23FE2CB1D9EE9F200951CF2 /* Resources */ = {
			isa = PBXResourcesBuildPhase;
			buildActionMask = 2147483647;
			files = (
				F23FE2DB1D9EE9F300951CF2 /* LaunchScreen.storyboard in Resources */,
				F23FE2D81D9EE9F200951CF2 /* Assets.xcassets in Resources */,
				F23FE2D61D9EE9F200951CF2 /* Main.storyboard in Resources */,
			);
			runOnlyForDeploymentPostprocessing = 0;
		};
		F23FE2DF1D9EE9F300951CF2 /* Resources */ = {
			isa = PBXResourcesBuildPhase;
			buildActionMask = 2147483647;
			files = (
			);
			runOnlyForDeploymentPostprocessing = 0;
		};
		F23FE2EA1D9EE9F300951CF2 /* Resources */ = {
			isa = PBXResourcesBuildPhase;
			buildActionMask = 2147483647;
			files = (
			);
			runOnlyForDeploymentPostprocessing = 0;
		};
/* End PBXResourcesBuildPhase section */

/* Begin PBXSourcesBuildPhase section */
		F23FE2C91D9EE9F200951CF2 /* Sources */ = {
			isa = PBXSourcesBuildPhase;
			buildActionMask = 2147483647;
			files = (
				F23FE3031D9F593800951CF2 /* FortuneViewController.swift in Sources */,
				F23FE2D31D9EE9F200951CF2 /* ViewController.swift in Sources */,
				F23FE2D11D9EE9F200951CF2 /* AppDelegate.swift in Sources */,
				F23FE3011D9F1D7600951CF2 /* SettingsViewController.swift in Sources */,
			);
			runOnlyForDeploymentPostprocessing = 0;
		};
		F23FE2DD1D9EE9F300951CF2 /* Sources */ = {
			isa = PBXSourcesBuildPhase;
			buildActionMask = 2147483647;
			files = (
				F23FE2E61D9EE9F300951CF2 /* tippyTests.swift in Sources */,
			);
			runOnlyForDeploymentPostprocessing = 0;
		};
		F23FE2E81D9EE9F300951CF2 /* Sources */ = {
			isa = PBXSourcesBuildPhase;
			buildActionMask = 2147483647;
			files = (
				F23FE2F11D9EE9F300951CF2 /* tippyUITests.swift in Sources */,
			);
			runOnlyForDeploymentPostprocessing = 0;
		};
/* End PBXSourcesBuildPhase section */

/* Begin PBXTargetDependency section */
		F23FE2E31D9EE9F300951CF2 /* PBXTargetDependency */ = {
			isa = PBXTargetDependency;
			target = F23FE2CC1D9EE9F200951CF2 /* tippy */;
			targetProxy = F23FE2E21D9EE9F300951CF2 /* PBXContainerItemProxy */;
		};
		F23FE2EE1D9EE9F300951CF2 /* PBXTargetDependency */ = {
			isa = PBXTargetDependency;
			target = F23FE2CC1D9EE9F200951CF2 /* tippy */;
			targetProxy = F23FE2ED1D9EE9F300951CF2 /* PBXContainerItemProxy */;
		};
/* End PBXTargetDependency section */

/* Begin PBXVariantGroup section */
		F23FE2D41D9EE9F200951CF2 /* Main.storyboard */ = {
			isa = PBXVariantGroup;
			children = (
				F23FE2D51D9EE9F200951CF2 /* Base */,
			);
			name = Main.storyboard;
			sourceTree = "<group>";
		};
		F23FE2D91D9EE9F300951CF2 /* LaunchScreen.storyboard */ = {
			isa = PBXVariantGroup;
			children = (
				F23FE2DA1D9EE9F300951CF2 /* Base */,
			);
			name = LaunchScreen.storyboard;
			sourceTree = "<group>";
		};
/* End PBXVariantGroup section */

/* Begin XCBuildConfiguration section */
		F23FE2F31D9EE9F300951CF2 /* Debug */ = {
			isa = XCBuildConfiguration;
			buildSettings = {
				ALWAYS_SEARCH_USER_PATHS = NO;
				CLANG_ANALYZER_NONNULL = YES;
				CLANG_CXX_LANGUAGE_STANDARD = "gnu++0x";
				CLANG_CXX_LIBRARY = "libc++";
				CLANG_ENABLE_MODULES = YES;
				CLANG_ENABLE_OBJC_ARC = YES;
				CLANG_WARN_BOOL_CONVERSION = YES;
				CLANG_WARN_CONSTANT_CONVERSION = YES;
				CLANG_WARN_DIRECT_OBJC_ISA_USAGE = YES_ERROR;
				CLANG_WARN_EMPTY_BODY = YES;
				CLANG_WARN_ENUM_CONVERSION = YES;
				CLANG_WARN_INT_CONVERSION = YES;
				CLANG_WARN_OBJC_ROOT_CLASS = YES_ERROR;
				CLANG_WARN_UNREACHABLE_CODE = YES;
				CLANG_WARN__DUPLICATE_METHOD_MATCH = YES;
				"CODE_SIGN_IDENTITY[sdk=iphoneos*]" = "iPhone Developer";
				COPY_PHASE_STRIP = NO;
				DEBUG_INFORMATION_FORMAT = dwarf;
				ENABLE_STRICT_OBJC_MSGSEND = YES;
				ENABLE_TESTABILITY = YES;
				GCC_C_LANGUAGE_STANDARD = gnu99;
				GCC_DYNAMIC_NO_PIC = NO;
				GCC_NO_COMMON_BLOCKS = YES;
				GCC_OPTIMIZATION_LEVEL = 0;
				GCC_PREPROCESSOR_DEFINITIONS = (
					"DEBUG=1",
					"$(inherited)",
				);
				GCC_WARN_64_TO_32_BIT_CONVERSION = YES;
				GCC_WARN_ABOUT_RETURN_TYPE = YES_ERROR;
				GCC_WARN_UNDECLARED_SELECTOR = YES;
				GCC_WARN_UNINITIALIZED_AUTOS = YES_AGGRESSIVE;
				GCC_WARN_UNUSED_FUNCTION = YES;
				GCC_WARN_UNUSED_VARIABLE = YES;
				IPHONEOS_DEPLOYMENT_TARGET = 9.3;
				MTL_ENABLE_DEBUG_INFO = YES;
				ONLY_ACTIVE_ARCH = YES;
				SDKROOT = iphoneos;
				SWIFT_OPTIMIZATION_LEVEL = "-Onone";
			};
			name = Debug;
		};
		F23FE2F41D9EE9F300951CF2 /* Release */ = {
			isa = XCBuildConfiguration;
			buildSettings = {
				ALWAYS_SEARCH_USER_PATHS = NO;
				CLANG_ANALYZER_NONNULL = YES;
				CLANG_CXX_LANGUAGE_STANDARD = "gnu++0x";
				CLANG_CXX_LIBRARY = "libc++";
				CLANG_ENABLE_MODULES = YES;
				CLANG_ENABLE_OBJC_ARC = YES;
				CLANG_WARN_BOOL_CONVERSION = YES;
				CLANG_WARN_CONSTANT_CONVERSION = YES;
				CLANG_WARN_DIRECT_OBJC_ISA_USAGE = YES_ERROR;
				CLANG_WARN_EMPTY_BODY = YES;
				CLANG_WARN_ENUM_CONVERSION = YES;
				CLANG_WARN_INT_CONVERSION = YES;
				CLANG_WARN_OBJC_ROOT_CLASS = YES_ERROR;
				CLANG_WARN_UNREACHABLE_CODE = YES;
				CLANG_WARN__DUPLICATE_METHOD_MATCH = YES;
				"CODE_SIGN_IDENTITY[sdk=iphoneos*]" = "iPhone Developer";
				COPY_PHASE_STRIP = NO;
				DEBUG_INFORMATION_FORMAT = "dwarf-with-dsym";
				ENABLE_NS_ASSERTIONS = NO;
				ENABLE_STRICT_OBJC_MSGSEND = YES;
				GCC_C_LANGUAGE_STANDARD = gnu99;
				GCC_NO_COMMON_BLOCKS = YES;
				GCC_WARN_64_TO_32_BIT_CONVERSION = YES;
				GCC_WARN_ABOUT_RETURN_TYPE = YES_ERROR;
				GCC_WARN_UNDECLARED_SELECTOR = YES;
				GCC_WARN_UNINITIALIZED_AUTOS = YES_AGGRESSIVE;
				GCC_WARN_UNUSED_FUNCTION = YES;
				GCC_WARN_UNUSED_VARIABLE = YES;
				IPHONEOS_DEPLOYMENT_TARGET = 9.3;
				MTL_ENABLE_DEBUG_INFO = NO;
				SDKROOT = iphoneos;
				VALIDATE_PRODUCT = YES;
			};
			name = Release;
		};
		F23FE2F61D9EE9F300951CF2 /* Debug */ = {
			isa = XCBuildConfiguration;
			buildSettings = {
				ASSETCATALOG_COMPILER_APPICON_NAME = AppIcon;
				INFOPLIST_FILE = tippy/Info.plist;
				LD_RUNPATH_SEARCH_PATHS = "$(inherited) @executable_path/Frameworks";
				PRODUCT_BUNDLE_IDENTIFIER = eden.tippy;
				PRODUCT_NAME = "$(TARGET_NAME)";
			};
			name = Debug;
		};
		F23FE2F71D9EE9F300951CF2 /* Release */ = {
			isa = XCBuildConfiguration;
			buildSettings = {
				ASSETCATALOG_COMPILER_APPICON_NAME = AppIcon;
				INFOPLIST_FILE = tippy/Info.plist;
				LD_RUNPATH_SEARCH_PATHS = "$(inherited) @executable_path/Frameworks";
				PRODUCT_BUNDLE_IDENTIFIER = eden.tippy;
				PRODUCT_NAME = "$(TARGET_NAME)";
			};
			name = Release;
		};
		F23FE2F91D9EE9F300951CF2 /* Debug */ = {
			isa = XCBuildConfiguration;
			buildSettings = {
				BUNDLE_LOADER = "$(TEST_HOST)";
				INFOPLIST_FILE = tippyTests/Info.plist;
				LD_RUNPATH_SEARCH_PATHS = "$(inherited) @executable_path/Frameworks @loader_path/Frameworks";
				PRODUCT_BUNDLE_IDENTIFIER = eden.tippyTests;
				PRODUCT_NAME = "$(TARGET_NAME)";
				TEST_HOST = "$(BUILT_PRODUCTS_DIR)/tippy.app/tippy";
			};
			name = Debug;
		};
		F23FE2FA1D9EE9F300951CF2 /* Release */ = {
			isa = XCBuildConfiguration;
			buildSettings = {
				BUNDLE_LOADER = "$(TEST_HOST)";
				INFOPLIST_FILE = tippyTests/Info.plist;
				LD_RUNPATH_SEARCH_PATHS = "$(inherited) @executable_path/Frameworks @loader_path/Frameworks";
				PRODUCT_BUNDLE_IDENTIFIER = eden.tippyTests;
				PRODUCT_NAME = "$(TARGET_NAME)";
				TEST_HOST = "$(BUILT_PRODUCTS_DIR)/tippy.app/tippy";
			};
			name = Release;
		};
		F23FE2FC1D9EE9F300951CF2 /* Debug */ = {
			isa = XCBuildConfiguration;
			buildSettings = {
				INFOPLIST_FILE = tippyUITests/Info.plist;
				LD_RUNPATH_SEARCH_PATHS = "$(inherited) @executable_path/Frameworks @loader_path/Frameworks";
				PRODUCT_BUNDLE_IDENTIFIER = eden.tippyUITests;
				PRODUCT_NAME = "$(TARGET_NAME)";
				TEST_TARGET_NAME = tippy;
			};
			name = Debug;
		};
		F23FE2FD1D9EE9F300951CF2 /* Release */ = {
			isa = XCBuildConfiguration;
			buildSettings = {
				INFOPLIST_FILE = tippyUITests/Info.plist;
				LD_RUNPATH_SEARCH_PATHS = "$(inherited) @executable_path/Frameworks @loader_path/Frameworks";
				PRODUCT_BUNDLE_IDENTIFIER = eden.tippyUITests;
				PRODUCT_NAME = "$(TARGET_NAME)";
				TEST_TARGET_NAME = tippy;
			};
			name = Release;
		};
/* End XCBuildConfiguration section */

/* Begin XCConfigurationList section */
		F23FE2C81D9EE9F200951CF2 /* Build configuration list for PBXProject "tippy" */ = {
			isa = XCConfigurationList;
			buildConfigurations = (
				F23FE2F31D9EE9F300951CF2 /* Debug */,
				F23FE2F41D9EE9F300951CF2 /* Release */,
			);
			defaultConfigurationIsVisible = 0;
			defaultConfigurationName = Release;
		};
		F23FE2F51D9EE9F300951CF2 /* Build configuration list for PBXNativeTarget "tippy" */ = {
			isa = XCConfigurationList;
			buildConfigurations = (
				F23FE2F61D9EE9F300951CF2 /* Debug */,
				F23FE2F71D9EE9F300951CF2 /* Release */,
			);
			defaultConfigurationIsVisible = 0;
			defaultConfigurationName = Release;
		};
		F23FE2F81D9EE9F300951CF2 /* Build configuration list for PBXNativeTarget "tippyTests" */ = {
			isa = XCConfigurationList;
			buildConfigurations = (
				F23FE2F91D9EE9F300951CF2 /* Debug */,
				F23FE2FA1D9EE9F300951CF2 /* Release */,
			);
			defaultConfigurationIsVisible = 0;
			defaultConfigurationName = Release;
		};
		F23FE2FB1D9EE9F300951CF2 /* Build configuration list for PBXNativeTarget "tippyUITests" */ = {
			isa = XCConfigurationList;
			buildConfigurations = (
				F23FE2FC1D9EE9F300951CF2 /* Debug */,
				F23FE2FD1D9EE9F300951CF2 /* Release */,
			);
			defaultConfigurationIsVisible = 0;
			defaultConfigurationName = Release;
		};
/* End XCConfigurationList section */
	};
	rootObject = F23FE2C51D9EE9F200951CF2 /* Project object */;
}
